{
  "name": "xiaomi-react",
  "version": "1.0.0",
  "lockfileVersion": 1,
  "requires": true,
  "dependencies": {
    "@tarojs/plugin-html": {
      "version": "3.3.9",
      "resolved": "https://registry.npmjs.org/@tarojs/plugin-html/-/plugin-html-3.3.9.tgz",
      "integrity": "sha512-Es8zTzKMnFjai6Ne356AjJtG4c+X3r+xoD2Dm/TpmusbkvqK43Qa8U0hEZkw7bvc94F+BT08LyP72c7QnKWu3A==",
      "requires": {
        "@tarojs/shared": "3.3.9"
      }
    },
    "@tarojs/shared": {
      "version": "3.3.9",
      "resolved": "https://registry.npmjs.org/@tarojs/shared/-/shared-3.3.9.tgz",
      "integrity": "sha512-76iAHBOhSAtPRLZXW4ic2NofljGARZoDm2CEc9M9ifprlb5tvKMh9jjYAf0svrZHz9mN9FTlIaYB3r54WA7UQQ=="
    }
  }
}
